// !$*UTF8*$!
{
	archiveVersion = 1;
	classes = {
	};
	objectVersion = 48;
	objects = {

/* Begin PBXBuildFile section */
		3E3EDAECABA3A01C9E039140 /* Pods_FlixUITests.framework in Frameworks */ = {isa = PBXBuildFile; fileRef = CC1CDB32FC1CEB5E13D34B61 /* Pods_FlixUITests.framework */; };
		85EDE9C2525DF9FA100F7D8A /* Pods_Flix.framework in Frameworks */ = {isa = PBXBuildFile; fileRef = F6D29ACCDD640314D621C809 /* Pods_Flix.framework */; };
		FB0C79531FC9272C000EA856 /* DetailViewController.swift in Sources */ = {isa = PBXBuildFile; fileRef = FB0C79521FC9272C000EA856 /* DetailViewController.swift */; };
		FB205C231FBA6B6200B55DDA /* NowPlayingViewController.swift in Sources */ = {isa = PBXBuildFile; fileRef = FB205C221FBA6B6200B55DDA /* NowPlayingViewController.swift */; };
		FB205C251FBA783100B55DDA /* MovieCell.swift in Sources */ = {isa = PBXBuildFile; fileRef = FB205C241FBA783100B55DDA /* MovieCell.swift */; };
		FBFF45B71FB77EF300EA412A /* AppDelegate.swift in Sources */ = {isa = PBXBuildFile; fileRef = FBFF45B61FB77EF300EA412A /* AppDelegate.swift */; };
		FBFF45BC1FB77EF300EA412A /* Main.storyboard in Resources */ = {isa = PBXBuildFile; fileRef = FBFF45BA1FB77EF300EA412A /* Main.storyboard */; };
		FBFF45BE1FB77EF300EA412A /* Assets.xcassets in Resources */ = {isa = PBXBuildFile; fileRef = FBFF45BD1FB77EF300EA412A /* Assets.xcassets */; };
		FBFF45C11FB77EF300EA412A /* LaunchScreen.storyboard in Resources */ = {isa = PBXBuildFile; fileRef = FBFF45BF1FB77EF300EA412A /* LaunchScreen.storyboard */; };
		FBFF45CC1FB77EF300EA412A /* FlixTests.swift in Sources */ = {isa = PBXBuildFile; fileRef = FBFF45CB1FB77EF300EA412A /* FlixTests.swift */; };
		FBFF45D71FB77EF300EA412A /* FlixUITests.swift in Sources */ = {isa = PBXBuildFile; fileRef = FBFF45D61FB77EF300EA412A /* FlixUITests.swift */; };
		FF2D5FF1D9360B9A0DE84304 /* Pods_FlixTests.framework in Frameworks */ = {isa = PBXBuildFile; fileRef = 86FF69C5310AC5F765BF2A24 /* Pods_FlixTests.framework */; };
/* End PBXBuildFile section */

/* Begin PBXContainerItemProxy section */
		FBFF45C81FB77EF300EA412A /* PBXContainerItemProxy */ = {
			isa = PBXContainerItemProxy;
			containerPortal = FBFF45AB1FB77EF300EA412A /* Project object */;
			proxyType = 1;
			remoteGlobalIDString = FBFF45B21FB77EF300EA412A;
			remoteInfo = Flix;
		};
		FBFF45D31FB77EF300EA412A /* PBXContainerItemProxy */ = {
			isa = PBXContainerItemProxy;
			containerPortal = FBFF45AB1FB77EF300EA412A /* Project object */;
			proxyType = 1;
			remoteGlobalIDString = FBFF45B21FB77EF300EA412A;
			remoteInfo = Flix;
		};
/* End PBXContainerItemProxy section */

/* Begin PBXFileReference section */
		16FC1A24F3808649EE915F18 /* Pods-FlixTests.debug.xcconfig */ = {isa = PBXFileReference; includeInIndex = 1; lastKnownFileType = text.xcconfig; name = "Pods-FlixTests.debug.xcconfig"; path = "Pods/Target Support Files/Pods-FlixTests/Pods-FlixTests.debug.xcconfig"; sourceTree = "<group>"; };
		22B83BE73DB22E7F20C73E0D /* Pods-Flix.debug.xcconfig */ = {isa = PBXFileReference; includeInIndex = 1; lastKnownFileType = text.xcconfig; name = "Pods-Flix.debug.xcconfig"; path = "Pods/Target Support Files/Pods-Flix/Pods-Flix.debug.xcconfig"; sourceTree = "<group>"; };
		4ED241D509ECC725BA9FF979 /* Pods-FlixUITests.release.xcconfig */ = {isa = PBXFileReference; includeInIndex = 1; lastKnownFileType = text.xcconfig; name = "Pods-FlixUITests.release.xcconfig"; path = "Pods/Target Support Files/Pods-FlixUITests/Pods-FlixUITests.release.xcconfig"; sourceTree = "<group>"; };
		86FF69C5310AC5F765BF2A24 /* Pods_FlixTests.framework */ = {isa = PBXFileReference; explicitFileType = wrapper.framework; includeInIndex = 0; path = Pods_FlixTests.framework; sourceTree = BUILT_PRODUCTS_DIR; };
		BEA496D1AEAC579343091A1F /* Pods-Flix.release.xcconfig */ = {isa = PBXFileReference; includeInIndex = 1; lastKnownFileType = text.xcconfig; name = "Pods-Flix.release.xcconfig"; path = "Pods/Target Support Files/Pods-Flix/Pods-Flix.release.xcconfig"; sourceTree = "<group>"; };
		CC1CDB32FC1CEB5E13D34B61 /* Pods_FlixUITests.framework */ = {isa = PBXFileReference; explicitFileType = wrapper.framework; includeInIndex = 0; path = Pods_FlixUITests.framework; sourceTree = BUILT_PRODUCTS_DIR; };
		ED6AE95425A1A6D1102B2DC5 /* Pods-FlixTests.release.xcconfig */ = {isa = PBXFileReference; includeInIndex = 1; lastKnownFileType = text.xcconfig; name = "Pods-FlixTests.release.xcconfig"; path = "Pods/Target Support Files/Pods-FlixTests/Pods-FlixTests.release.xcconfig"; sourceTree = "<group>"; };
		F6D29ACCDD640314D621C809 /* Pods_Flix.framework */ = {isa = PBXFileReference; explicitFileType = wrapper.framework; includeInIndex = 0; path = Pods_Flix.framework; sourceTree = BUILT_PRODUCTS_DIR; };
		F7F6D7E0B9E9A315F39A70E8 /* Pods-FlixUITests.debug.xcconfig */ = {isa = PBXFileReference; includeInIndex = 1; lastKnownFileType = text.xcconfig; name = "Pods-FlixUITests.debug.xcconfig"; path = "Pods/Target Support Files/Pods-FlixUITests/Pods-FlixUITests.debug.xcconfig"; sourceTree = "<group>"; };
		FB0C79521FC9272C000EA856 /* DetailViewController.swift */ = {isa = PBXFileReference; lastKnownFileType = sourcecode.swift; path = DetailViewController.swift; sourceTree = "<group>"; };
		FB205C221FBA6B6200B55DDA /* NowPlayingViewController.swift */ = {isa = PBXFileReference; lastKnownFileType = sourcecode.swift; path = NowPlayingViewController.swift; sourceTree = "<group>"; };
		FB205C241FBA783100B55DDA /* MovieCell.swift */ = {isa = PBXFileReference; lastKnownFileType = sourcecode.swift; path = MovieCell.swift; sourceTree = "<group>"; };
		FBFF45B31FB77EF300EA412A /* Flix.app */ = {isa = PBXFileReference; explicitFileType = wrapper.application; includeInIndex = 0; path = Flix.app; sourceTree = BUILT_PRODUCTS_DIR; };
		FBFF45B61FB77EF300EA412A /* AppDelegate.swift */ = {isa = PBXFileReference; lastKnownFileType = sourcecode.swift; path = AppDelegate.swift; sourceTree = "<group>"; };
		FBFF45BB1FB77EF300EA412A /* Base */ = {isa = PBXFileReference; lastKnownFileType = file.storyboard; name = Base; path = Base.lproj/Main.storyboard; sourceTree = "<group>"; };
		FBFF45BD1FB77EF300EA412A /* Assets.xcassets */ = {isa = PBXFileReference; lastKnownFileType = folder.assetcatalog; path = Assets.xcassets; sourceTree = "<group>"; };
		FBFF45C01FB77EF300EA412A /* Base */ = {isa = PBXFileReference; lastKnownFileType = file.storyboard; name = Base; path = Base.lproj/LaunchScreen.storyboard; sourceTree = "<group>"; };
		FBFF45C21FB77EF300EA412A /* Info.plist */ = {isa = PBXFileReference; lastKnownFileType = text.plist.xml; path = Info.plist; sourceTree = "<group>"; };
		FBFF45C71FB77EF300EA412A /* FlixTests.xctest */ = {isa = PBXFileReference; explicitFileType = wrapper.cfbundle; includeInIndex = 0; path = FlixTests.xctest; sourceTree = BUILT_PRODUCTS_DIR; };
		FBFF45CB1FB77EF300EA412A /* FlixTests.swift */ = {isa = PBXFileReference; lastKnownFileType = sourcecode.swift; path = FlixTests.swift; sourceTree = "<group>"; };
		FBFF45CD1FB77EF300EA412A /* Info.plist */ = {isa = PBXFileReference; lastKnownFileType = text.plist.xml; path = Info.plist; sourceTree = "<group>"; };
		FBFF45D21FB77EF300EA412A /* FlixUITests.xctest */ = {isa = PBXFileReference; explicitFileType = wrapper.cfbundle; includeInIndex = 0; path = FlixUITests.xctest; sourceTree = BUILT_PRODUCTS_DIR; };
		FBFF45D61FB77EF300EA412A /* FlixUITests.swift */ = {isa = PBXFileReference; lastKnownFileType = sourcecode.swift; path = FlixUITests.swift; sourceTree = "<group>"; };
		FBFF45D81FB77EF300EA412A /* Info.plist */ = {isa = PBXFileReference; lastKnownFileType = text.plist.xml; path = Info.plist; sourceTree = "<group>"; };
/* End PBXFileReference section */

/* Begin PBXFrameworksBuildPhase section */
		FBFF45B01FB77EF300EA412A /* Frameworks */ = {
			isa = PBXFrameworksBuildPhase;
			buildActionMask = 2147483647;
			files = (
				85EDE9C2525DF9FA100F7D8A /* Pods_Flix.framework in Frameworks */,
			);
			runOnlyForDeploymentPostprocessing = 0;
		};
		FBFF45C41FB77EF300EA412A /* Frameworks */ = {
			isa = PBXFrameworksBuildPhase;
			buildActionMask = 2147483647;
			files = (
				FF2D5FF1D9360B9A0DE84304 /* Pods_FlixTests.framework in Frameworks */,
			);
			runOnlyForDeploymentPostprocessing = 0;
		};
		FBFF45CF1FB77EF300EA412A /* Frameworks */ = {
			isa = PBXFrameworksBuildPhase;
			buildActionMask = 2147483647;
			files = (
				3E3EDAECABA3A01C9E039140 /* Pods_FlixUITests.framework in Frameworks */,
			);
			runOnlyForDeploymentPostprocessing = 0;
		};
/* End PBXFrameworksBuildPhase section */

/* Begin PBXGroup section */
		4A47784AA86F23D2F26819C7 /* Frameworks */ = {
			isa = PBXGroup;
			children = (
				F6D29ACCDD640314D621C809 /* Pods_Flix.framework */,
				86FF69C5310AC5F765BF2A24 /* Pods_FlixTests.framework */,
				CC1CDB32FC1CEB5E13D34B61 /* Pods_FlixUITests.framework */,
			);
			name = Frameworks;
			sourceTree = "<group>";
		};
		AC49BBA0FB640FB1BE7DFC94 /* Pods */ = {
			isa = PBXGroup;
			children = (
				22B83BE73DB22E7F20C73E0D /* Pods-Flix.debug.xcconfig */,
				BEA496D1AEAC579343091A1F /* Pods-Flix.release.xcconfig */,
				16FC1A24F3808649EE915F18 /* Pods-FlixTests.debug.xcconfig */,
				ED6AE95425A1A6D1102B2DC5 /* Pods-FlixTests.release.xcconfig */,
				F7F6D7E0B9E9A315F39A70E8 /* Pods-FlixUITests.debug.xcconfig */,
				4ED241D509ECC725BA9FF979 /* Pods-FlixUITests.release.xcconfig */,
			);
			name = Pods;
			sourceTree = "<group>";
		};
		FB0C79501FC926E7000EA856 /* ViewControllers */ = {
			isa = PBXGroup;
			children = (
				FB205C221FBA6B6200B55DDA /* NowPlayingViewController.swift */,
				FB0C79521FC9272C000EA856 /* DetailViewController.swift */,
			);
			path = ViewControllers;
			sourceTree = "<group>";
		};
		FB0C79511FC926FD000EA856 /* Views */ = {
			isa = PBXGroup;
			children = (
				FB205C241FBA783100B55DDA /* MovieCell.swift */,
			);
			path = Views;
			sourceTree = "<group>";
		};
		FBFF45AA1FB77EF300EA412A = {
			isa = PBXGroup;
			children = (
				FBFF45B51FB77EF300EA412A /* Flix */,
				FBFF45CA1FB77EF300EA412A /* FlixTests */,
				FBFF45D51FB77EF300EA412A /* FlixUITests */,
				FBFF45B41FB77EF300EA412A /* Products */,
				AC49BBA0FB640FB1BE7DFC94 /* Pods */,
				4A47784AA86F23D2F26819C7 /* Frameworks */,
			);
			sourceTree = "<group>";
		};
		FBFF45B41FB77EF300EA412A /* Products */ = {
			isa = PBXGroup;
			children = (
				FBFF45B31FB77EF300EA412A /* Flix.app */,
				FBFF45C71FB77EF300EA412A /* FlixTests.xctest */,
				FBFF45D21FB77EF300EA412A /* FlixUITests.xctest */,
			);
			name = Products;
			sourceTree = "<group>";
		};
		FBFF45B51FB77EF300EA412A /* Flix */ = {
			isa = PBXGroup;
			children = (
				FB0C79511FC926FD000EA856 /* Views */,
				FB0C79501FC926E7000EA856 /* ViewControllers */,
				FBFF45B61FB77EF300EA412A /* AppDelegate.swift */,
				FBFF45BA1FB77EF300EA412A /* Main.storyboard */,
				FBFF45BD1FB77EF300EA412A /* Assets.xcassets */,
				FBFF45BF1FB77EF300EA412A /* LaunchScreen.storyboard */,
				FBFF45C21FB77EF300EA412A /* Info.plist */,
			);
			path = Flix;
			sourceTree = "<group>";
		};
		FBFF45CA1FB77EF300EA412A /* FlixTests */ = {
			isa = PBXGroup;
			children = (
				FBFF45CB1FB77EF300EA412A /* FlixTests.swift */,
				FBFF45CD1FB77EF300EA412A /* Info.plist */,
			);
			path = FlixTests;
			sourceTree = "<group>";
		};
		FBFF45D51FB77EF300EA412A /* FlixUITests */ = {
			isa = PBXGroup;
			children = (
				FBFF45D61FB77EF300EA412A /* FlixUITests.swift */,
				FBFF45D81FB77EF300EA412A /* Info.plist */,
			);
			path = FlixUITests;
			sourceTree = "<group>";
		};
/* End PBXGroup section */

/* Begin PBXNativeTarget section */
		FBFF45B21FB77EF300EA412A /* Flix */ = {
			isa = PBXNativeTarget;
			buildConfigurationList = FBFF45DB1FB77EF300EA412A /* Build configuration list for PBXNativeTarget "Flix" */;
			buildPhases = (
				E23AF17BDA9CB52DEC75398A /* [CP] Check Pods Manifest.lock */,
				FBFF45AF1FB77EF300EA412A /* Sources */,
				FBFF45B01FB77EF300EA412A /* Frameworks */,
				FBFF45B11FB77EF300EA412A /* Resources */,
				9DB50E3A568257FEADE24F36 /* [CP] Embed Pods Frameworks */,
				F2319A7A9F25F1DFF9E992B9 /* [CP] Copy Pods Resources */,
			);
			buildRules = (
			);
			dependencies = (
			);
			name = Flix;
			productName = Flix;
			productReference = FBFF45B31FB77EF300EA412A /* Flix.app */;
			productType = "com.apple.product-type.application";
		};
		FBFF45C61FB77EF300EA412A /* FlixTests */ = {
			isa = PBXNativeTarget;
			buildConfigurationList = FBFF45DE1FB77EF300EA412A /* Build configuration list for PBXNativeTarget "FlixTests" */;
			buildPhases = (
				FF60EBE76B66F38CCD3F6E47 /* [CP] Check Pods Manifest.lock */,
				FBFF45C31FB77EF300EA412A /* Sources */,
				FBFF45C41FB77EF300EA412A /* Frameworks */,
				FBFF45C51FB77EF300EA412A /* Resources */,
				C963D3B98B992FA8B07FB41F /* [CP] Embed Pods Frameworks */,
				3D0C0218EE945DB3F63B5EA7 /* [CP] Copy Pods Resources */,
			);
			buildRules = (
			);
			dependencies = (
				FBFF45C91FB77EF300EA412A /* PBXTargetDependency */,
			);
			name = FlixTests;
			productName = FlixTests;
			productReference = FBFF45C71FB77EF300EA412A /* FlixTests.xctest */;
			productType = "com.apple.product-type.bundle.unit-test";
		};
		FBFF45D11FB77EF300EA412A /* FlixUITests */ = {
			isa = PBXNativeTarget;
			buildConfigurationList = FBFF45E11FB77EF300EA412A /* Build configuration list for PBXNativeTarget "FlixUITests" */;
			buildPhases = (
				DD525668C88CED00BF99E65C /* [CP] Check Pods Manifest.lock */,
				FBFF45CE1FB77EF300EA412A /* Sources */,
				FBFF45CF1FB77EF300EA412A /* Frameworks */,
				FBFF45D01FB77EF300EA412A /* Resources */,
				81AAB0061DE6EFF9D8E1F00D /* [CP] Embed Pods Frameworks */,
				6E8AA5AD8EC8C6ED546A1EC4 /* [CP] Copy Pods Resources */,
			);
			buildRules = (
			);
			dependencies = (
				FBFF45D41FB77EF300EA412A /* PBXTargetDependency */,
			);
			name = FlixUITests;
			productName = FlixUITests;
			productReference = FBFF45D21FB77EF300EA412A /* FlixUITests.xctest */;
			productType = "com.apple.product-type.bundle.ui-testing";
		};
/* End PBXNativeTarget section */

/* Begin PBXProject section */
		FBFF45AB1FB77EF300EA412A /* Project object */ = {
			isa = PBXProject;
			attributes = {
				LastSwiftUpdateCheck = 0910;
				LastUpgradeCheck = 0910;
				ORGANIZATIONNAME = "Allison Reiss";
				TargetAttributes = {
					FBFF45B21FB77EF300EA412A = {
						CreatedOnToolsVersion = 9.1;
						ProvisioningStyle = Automatic;
					};
					FBFF45C61FB77EF300EA412A = {
						CreatedOnToolsVersion = 9.1;
						ProvisioningStyle = Automatic;
						TestTargetID = FBFF45B21FB77EF300EA412A;
					};
					FBFF45D11FB77EF300EA412A = {
						CreatedOnToolsVersion = 9.1;
						ProvisioningStyle = Automatic;
						TestTargetID = FBFF45B21FB77EF300EA412A;
					};
				};
			};
			buildConfigurationList = FBFF45AE1FB77EF300EA412A /* Build configuration list for PBXProject "Flix" */;
			compatibilityVersion = "Xcode 8.0";
			developmentRegion = en;
			hasScannedForEncodings = 0;
			knownRegions = (
				en,
				Base,
			);
			mainGroup = FBFF45AA1FB77EF300EA412A;
			productRefGroup = FBFF45B41FB77EF300EA412A /* Products */;
			projectDirPath = "";
			projectRoot = "";
			targets = (
				FBFF45B21FB77EF300EA412A /* Flix */,
				FBFF45C61FB77EF300EA412A /* FlixTests */,
				FBFF45D11FB77EF300EA412A /* FlixUITests */,
			);
		};
/* End PBXProject section */

/* Begin PBXResourcesBuildPhase section */
		FBFF45B11FB77EF300EA412A /* Resources */ = {
			isa = PBXResourcesBuildPhase;
			buildActionMask = 2147483647;
			files = (
				FBFF45C11FB77EF300EA412A /* LaunchScreen.storyboard in Resources */,
				FBFF45BE1FB77EF300EA412A /* Assets.xcassets in Resources */,
				FBFF45BC1FB77EF300EA412A /* Main.storyboard in Resources */,
			);
			runOnlyForDeploymentPostprocessing = 0;
		};
		FBFF45C51FB77EF300EA412A /* Resources */ = {
			isa = PBXResourcesBuildPhase;
			buildActionMask = 2147483647;
			files = (
			);
			runOnlyForDeploymentPostprocessing = 0;
		};
		FBFF45D01FB77EF300EA412A /* Resources */ = {
			isa = PBXResourcesBuildPhase;
			buildActionMask = 2147483647;
			files = (
			);
			runOnlyForDeploymentPostprocessing = 0;
		};
/* End PBXResourcesBuildPhase section */

/* Begin PBXShellScriptBuildPhase section */
		3D0C0218EE945DB3F63B5EA7 /* [CP] Copy Pods Resources */ = {
			isa = PBXShellScriptBuildPhase;
			buildActionMask = 2147483647;
			files = (
			);
			inputPaths = (
			);
			name = "[CP] Copy Pods Resources";
			outputPaths = (
			);
			runOnlyForDeploymentPostprocessing = 0;
			shellPath = /bin/sh;
			shellScript = "\"${SRCROOT}/Pods/Target Support Files/Pods-FlixTests/Pods-FlixTests-resources.sh\"\n";
			showEnvVarsInLog = 0;
		};
		6E8AA5AD8EC8C6ED546A1EC4 /* [CP] Copy Pods Resources */ = {
			isa = PBXShellScriptBuildPhase;
			buildActionMask = 2147483647;
			files = (
			);
			inputPaths = (
			);
			name = "[CP] Copy Pods Resources";
			outputPaths = (
			);
			runOnlyForDeploymentPostprocessing = 0;
			shellPath = /bin/sh;
			shellScript = "\"${SRCROOT}/Pods/Target Support Files/Pods-FlixUITests/Pods-FlixUITests-resources.sh\"\n";
			showEnvVarsInLog = 0;
		};
		81AAB0061DE6EFF9D8E1F00D /* [CP] Embed Pods Frameworks */ = {
			isa = PBXShellScriptBuildPhase;
			buildActionMask = 2147483647;
			files = (
			);
			inputPaths = (
			);
			name = "[CP] Embed Pods Frameworks";
			outputPaths = (
			);
			runOnlyForDeploymentPostprocessing = 0;
			shellPath = /bin/sh;
			shellScript = "\"${SRCROOT}/Pods/Target Support Files/Pods-FlixUITests/Pods-FlixUITests-frameworks.sh\"\n";
			showEnvVarsInLog = 0;
		};
		9DB50E3A568257FEADE24F36 /* [CP] Embed Pods Frameworks */ = {
			isa = PBXShellScriptBuildPhase;
			buildActionMask = 2147483647;
			files = (
			);
			inputPaths = (
				"${SRCROOT}/Pods/Target Support Files/Pods-Flix/Pods-Flix-frameworks.sh",
				"${BUILT_PRODUCTS_DIR}/Alamofire/Alamofire.framework",
				"${BUILT_PRODUCTS_DIR}/AlamofireImage/AlamofireImage.framework",
			);
			name = "[CP] Embed Pods Frameworks";
			outputPaths = (
				"${TARGET_BUILD_DIR}/${FRAMEWORKS_FOLDER_PATH}/Alamofire.framework",
				"${TARGET_BUILD_DIR}/${FRAMEWORKS_FOLDER_PATH}/AlamofireImage.framework",
			);
			runOnlyForDeploymentPostprocessing = 0;
			shellPath = /bin/sh;
			shellScript = "\"${SRCROOT}/Pods/Target Support Files/Pods-Flix/Pods-Flix-frameworks.sh\"\n";
			showEnvVarsInLog = 0;
		};
		C963D3B98B992FA8B07FB41F /* [CP] Embed Pods Frameworks */ = {
			isa = PBXShellScriptBuildPhase;
			buildActionMask = 2147483647;
			files = (
			);
			inputPaths = (
			);
			name = "[CP] Embed Pods Frameworks";
			outputPaths = (
			);
			runOnlyForDeploymentPostprocessing = 0;
			shellPath = /bin/sh;
			shellScript = "\"${SRCROOT}/Pods/Target Support Files/Pods-FlixTests/Pods-FlixTests-frameworks.sh\"\n";
			showEnvVarsInLog = 0;
		};
		DD525668C88CED00BF99E65C /* [CP] Check Pods Manifest.lock */ = {
			isa = PBXShellScriptBuildPhase;
			buildActionMask = 2147483647;
			files = (
			);
			inputPaths = (
				"${PODS_PODFILE_DIR_PATH}/Podfile.lock",
				"${PODS_ROOT}/Manifest.lock",
			);
			name = "[CP] Check Pods Manifest.lock";
			outputPaths = (
				"$(DERIVED_FILE_DIR)/Pods-FlixUITests-checkManifestLockResult.txt",
			);
			runOnlyForDeploymentPostprocessing = 0;
			shellPath = /bin/sh;
			shellScript = "diff \"${PODS_PODFILE_DIR_PATH}/Podfile.lock\" \"${PODS_ROOT}/Manifest.lock\" > /dev/null\nif [ $? != 0 ] ; then\n    # print error to STDERR\n    echo \"error: The sandbox is not in sync with the Podfile.lock. Run 'pod install' or update your CocoaPods installation.\" >&2\n    exit 1\nfi\n# This output is used by Xcode 'outputs' to avoid re-running this script phase.\necho \"SUCCESS\" > \"${SCRIPT_OUTPUT_FILE_0}\"\n";
			showEnvVarsInLog = 0;
		};
		E23AF17BDA9CB52DEC75398A /* [CP] Check Pods Manifest.lock */ = {
			isa = PBXShellScriptBuildPhase;
			buildActionMask = 2147483647;
			files = (
			);
			inputPaths = (
				"${PODS_PODFILE_DIR_PATH}/Podfile.lock",
				"${PODS_ROOT}/Manifest.lock",
			);
			name = "[CP] Check Pods Manifest.lock";
			outputPaths = (
				"$(DERIVED_FILE_DIR)/Pods-Flix-checkManifestLockResult.txt",
			);
			runOnlyForDeploymentPostprocessing = 0;
			shellPath = /bin/sh;
			shellScript = "diff \"${PODS_PODFILE_DIR_PATH}/Podfile.lock\" \"${PODS_ROOT}/Manifest.lock\" > /dev/null\nif [ $? != 0 ] ; then\n    # print error to STDERR\n    echo \"error: The sandbox is not in sync with the Podfile.lock. Run 'pod install' or update your CocoaPods installation.\" >&2\n    exit 1\nfi\n# This output is used by Xcode 'outputs' to avoid re-running this script phase.\necho \"SUCCESS\" > \"${SCRIPT_OUTPUT_FILE_0}\"\n";
			showEnvVarsInLog = 0;
		};
		F2319A7A9F25F1DFF9E992B9 /* [CP] Copy Pods Resources */ = {
			isa = PBXShellScriptBuildPhase;
			buildActionMask = 2147483647;
			files = (
			);
			inputPaths = (
			);
			name = "[CP] Copy Pods Resources";
			outputPaths = (
			);
			runOnlyForDeploymentPostprocessing = 0;
			shellPath = /bin/sh;
			shellScript = "\"${SRCROOT}/Pods/Target Support Files/Pods-Flix/Pods-Flix-resources.sh\"\n";
			showEnvVarsInLog = 0;
		};
		FF60EBE76B66F38CCD3F6E47 /* [CP] Check Pods Manifest.lock */ = {
			isa = PBXShellScriptBuildPhase;
			buildActionMask = 2147483647;
			files = (
			);
			inputPaths = (
				"${PODS_PODFILE_DIR_PATH}/Podfile.lock",
				"${PODS_ROOT}/Manifest.lock",
			);
			name = "[CP] Check Pods Manifest.lock";
			outputPaths = (
				"$(DERIVED_FILE_DIR)/Pods-FlixTests-checkManifestLockResult.txt",
			);
			runOnlyForDeploymentPostprocessing = 0;
			shellPath = /bin/sh;
			shellScript = "diff \"${PODS_PODFILE_DIR_PATH}/Podfile.lock\" \"${PODS_ROOT}/Manifest.lock\" > /dev/null\nif [ $? != 0 ] ; then\n    # print error to STDERR\n    echo \"error: The sandbox is not in sync with the Podfile.lock. Run 'pod install' or update your CocoaPods installation.\" >&2\n    exit 1\nfi\n# This output is used by Xcode 'outputs' to avoid re-running this script phase.\necho \"SUCCESS\" > \"${SCRIPT_OUTPUT_FILE_0}\"\n";
			showEnvVarsInLog = 0;
		};
/* End PBXShellScriptBuildPhase section */

/* Begin PBXSourcesBuildPhase section */
		FBFF45AF1FB77EF300EA412A /* Sources */ = {
			isa = PBXSourcesBuildPhase;
			buildActionMask = 2147483647;
			files = (
				FB205C231FBA6B6200B55DDA /* NowPlayingViewController.swift in Sources */,
				FBFF45B71FB77EF300EA412A /* AppDelegate.swift in Sources */,
				FB205C251FBA783100B55DDA /* MovieCell.swift in Sources */,
				FB0C79531FC9272C000EA856 /* DetailViewController.swift in Sources */,
			);
			runOnlyForDeploymentPostprocessing = 0;
		};
		FBFF45C31FB77EF300EA412A /* Sources */ = {
			isa = PBXSourcesBuildPhase;
			buildActionMask = 2147483647;
			files = (
				FBFF45CC1FB77EF300EA412A /* FlixTests.swift in Sources */,
			);
			runOnlyForDeploymentPostprocessing = 0;
		};
		FBFF45CE1FB77EF300EA412A /* Sources */ = {
			isa = PBXSourcesBuildPhase;
			buildActionMask = 2147483647;
			files = (
				FBFF45D71FB77EF300EA412A /* FlixUITests.swift in Sources */,
			);
			runOnlyForDeploymentPostprocessing = 0;
		};
/* End PBXSourcesBuildPhase section */

/* Begin PBXTargetDependency section */
		FBFF45C91FB77EF300EA412A /* PBXTargetDependency */ = {
			isa = PBXTargetDependency;
			target = FBFF45B21FB77EF300EA412A /* Flix */;
			targetProxy = FBFF45C81FB77EF300EA412A /* PBXContainerItemProxy */;
		};
		FBFF45D41FB77EF300EA412A /* PBXTargetDependency */ = {
			isa = PBXTargetDependency;
			target = FBFF45B21FB77EF300EA412A /* Flix */;
			targetProxy = FBFF45D31FB77EF300EA412A /* PBXContainerItemProxy */;
		};
/* End PBXTargetDependency section */

/* Begin PBXVariantGroup section */
		FBFF45BA1FB77EF300EA412A /* Main.storyboard */ = {
			isa = PBXVariantGroup;
			children = (
				FBFF45BB1FB77EF300EA412A /* Base */,
			);
			name = Main.storyboard;
			sourceTree = "<group>";
		};
		FBFF45BF1FB77EF300EA412A /* LaunchScreen.storyboard */ = {
			isa = PBXVariantGroup;
			children = (
				FBFF45C01FB77EF300EA412A /* Base */,
			);
			name = LaunchScreen.storyboard;
			sourceTree = "<group>";
		};
/* End PBXVariantGroup section */

/* Begin XCBuildConfiguration section */
		FBFF45D91FB77EF300EA412A /* Debug */ = {
			isa = XCBuildConfiguration;
			buildSettings = {
				ALWAYS_SEARCH_USER_PATHS = NO;
				CLANG_ANALYZER_NONNULL = YES;
				CLANG_ANALYZER_NUMBER_OBJECT_CONVERSION = YES_AGGRESSIVE;
				CLANG_CXX_LANGUAGE_STANDARD = "gnu++14";
				CLANG_CXX_LIBRARY = "libc++";
				CLANG_ENABLE_MODULES = YES;
				CLANG_ENABLE_OBJC_ARC = YES;
				CLANG_WARN_BLOCK_CAPTURE_AUTORELEASING = YES;
				CLANG_WARN_BOOL_CONVERSION = YES;
				CLANG_WARN_COMMA = YES;
				CLANG_WARN_CONSTANT_CONVERSION = YES;
				CLANG_WARN_DIRECT_OBJC_ISA_USAGE = YES_ERROR;
				CLANG_WARN_DOCUMENTATION_COMMENTS = YES;
				CLANG_WARN_EMPTY_BODY = YES;
				CLANG_WARN_ENUM_CONVERSION = YES;
				CLANG_WARN_INFINITE_RECURSION = YES;
				CLANG_WARN_INT_CONVERSION = YES;
				CLANG_WARN_NON_LITERAL_NULL_CONVERSION = YES;
				CLANG_WARN_OBJC_LITERAL_CONVERSION = YES;
				CLANG_WARN_OBJC_ROOT_CLASS = YES_ERROR;
				CLANG_WARN_RANGE_LOOP_ANALYSIS = YES;
				CLANG_WARN_STRICT_PROTOTYPES = YES;
				CLANG_WARN_SUSPICIOUS_MOVE = YES;
				CLANG_WARN_UNGUARDED_AVAILABILITY = YES_AGGRESSIVE;
				CLANG_WARN_UNREACHABLE_CODE = YES;
				CLANG_WARN__DUPLICATE_METHOD_MATCH = YES;
				CODE_SIGN_IDENTITY = "iPhone Developer";
				COPY_PHASE_STRIP = NO;
				DEBUG_INFORMATION_FORMAT = dwarf;
				ENABLE_STRICT_OBJC_MSGSEND = YES;
				ENABLE_TESTABILITY = YES;
				GCC_C_LANGUAGE_STANDARD = gnu11;
				GCC_DYNAMIC_NO_PIC = NO;
				GCC_NO_COMMON_BLOCKS = YES;
				GCC_OPTIMIZATION_LEVEL = 0;
				GCC_PREPROCESSOR_DEFINITIONS = (
					"DEBUG=1",
					"$(inherited)",
				);
				GCC_WARN_64_TO_32_BIT_CONVERSION = YES;
				GCC_WARN_ABOUT_RETURN_TYPE = YES_ERROR;
				GCC_WARN_UNDECLARED_SELECTOR = YES;
				GCC_WARN_UNINITIALIZED_AUTOS = YES_AGGRESSIVE;
				GCC_WARN_UNUSED_FUNCTION = YES;
				GCC_WARN_UNUSED_VARIABLE = YES;
				IPHONEOS_DEPLOYMENT_TARGET = 11.1;
				MTL_ENABLE_DEBUG_INFO = YES;
				ONLY_ACTIVE_ARCH = YES;
				SDKROOT = iphoneos;
				SWIFT_ACTIVE_COMPILATION_CONDITIONS = DEBUG;
				SWIFT_OPTIMIZATION_LEVEL = "-Onone";
			};
			name = Debug;
		};
		FBFF45DA1FB77EF300EA412A /* Release */ = {
			isa = XCBuildConfiguration;
			buildSettings = {
				ALWAYS_SEARCH_USER_PATHS = NO;
				CLANG_ANALYZER_NONNULL = YES;
				CLANG_ANALYZER_NUMBER_OBJECT_CONVERSION = YES_AGGRESSIVE;
				CLANG_CXX_LANGUAGE_STANDARD = "gnu++14";
				CLANG_CXX_LIBRARY = "libc++";
				CLANG_ENABLE_MODULES = YES;
				CLANG_ENABLE_OBJC_ARC = YES;
				CLANG_WARN_BLOCK_CAPTURE_AUTORELEASING = YES;
				CLANG_WARN_BOOL_CONVERSION = YES;
				CLANG_WARN_COMMA = YES;
				CLANG_WARN_CONSTANT_CONVERSION = YES;
				CLANG_WARN_DIRECT_OBJC_ISA_USAGE = YES_ERROR;
				CLANG_WARN_DOCUMENTATION_COMMENTS = YES;
				CLANG_WARN_EMPTY_BODY = YES;
				CLANG_WARN_ENUM_CONVERSION = YES;
				CLANG_WARN_INFINITE_RECURSION = YES;
				CLANG_WARN_INT_CONVERSION = YES;
				CLANG_WARN_NON_LITERAL_NULL_CONVERSION = YES;
				CLANG_WARN_OBJC_LITERAL_CONVERSION = YES;
				CLANG_WARN_OBJC_ROOT_CLASS = YES_ERROR;
				CLANG_WARN_RANGE_LOOP_ANALYSIS = YES;
				CLANG_WARN_STRICT_PROTOTYPES = YES;
				CLANG_WARN_SUSPICIOUS_MOVE = YES;
				CLANG_WARN_UNGUARDED_AVAILABILITY = YES_AGGRESSIVE;
				CLANG_WARN_UNREACHABLE_CODE = YES;
				CLANG_WARN__DUPLICATE_METHOD_MATCH = YES;
				CODE_SIGN_IDENTITY = "iPhone Developer";
				COPY_PHASE_STRIP = NO;
				DEBUG_INFORMATION_FORMAT = "dwarf-with-dsym";
				ENABLE_NS_ASSERTIONS = NO;
				ENABLE_STRICT_OBJC_MSGSEND = YES;
				GCC_C_LANGUAGE_STANDARD = gnu11;
				GCC_NO_COMMON_BLOCKS = YES;
				GCC_WARN_64_TO_32_BIT_CONVERSION = YES;
				GCC_WARN_ABOUT_RETURN_TYPE = YES_ERROR;
				GCC_WARN_UNDECLARED_SELECTOR = YES;
				GCC_WARN_UNINITIALIZED_AUTOS = YES_AGGRESSIVE;
				GCC_WARN_UNUSED_FUNCTION = YES;
				GCC_WARN_UNUSED_VARIABLE = YES;
				IPHONEOS_DEPLOYMENT_TARGET = 11.1;
				MTL_ENABLE_DEBUG_INFO = NO;
				SDKROOT = iphoneos;
				SWIFT_OPTIMIZATION_LEVEL = "-Owholemodule";
				VALIDATE_PRODUCT = YES;
			};
			name = Release;
		};
		FBFF45DC1FB77EF300EA412A /* Debug */ = {
			isa = XCBuildConfiguration;
			baseConfigurationReference = 22B83BE73DB22E7F20C73E0D /* Pods-Flix.debug.xcconfig */;
			buildSettings = {
				ASSETCATALOG_COMPILER_APPICON_NAME = AppIcon;
				CODE_SIGN_STYLE = Automatic;
				INFOPLIST_FILE = Flix/Info.plist;
				LD_RUNPATH_SEARCH_PATHS = "$(inherited) @executable_path/Frameworks";
				PRODUCT_BUNDLE_IDENTIFIER = com.codepath.Flix;
				PRODUCT_NAME = "$(TARGET_NAME)";
				SWIFT_VERSION = 4.0;
				TARGETED_DEVICE_FAMILY = "1,2";
			};
			name = Debug;
		};
		FBFF45DD1FB77EF300EA412A /* Release */ = {
			isa = XCBuildConfiguration;
			baseConfigurationReference = BEA496D1AEAC579343091A1F /* Pods-Flix.release.xcconfig */;
			buildSettings = {
				ASSETCATALOG_COMPILER_APPICON_NAME = AppIcon;
				CODE_SIGN_STYLE = Automatic;
				INFOPLIST_FILE = Flix/Info.plist;
				LD_RUNPATH_SEARCH_PATHS = "$(inherited) @executable_path/Frameworks";
				PRODUCT_BUNDLE_IDENTIFIER = com.codepath.Flix;
				PRODUCT_NAME = "$(TARGET_NAME)";
				SWIFT_VERSION = 4.0;
				TARGETED_DEVICE_FAMILY = "1,2";
			};
			name = Release;
		};
		FBFF45DF1FB77EF300EA412A /* Debug */ = {
			isa = XCBuildConfiguration;
			baseConfigurationReference = 16FC1A24F3808649EE915F18 /* Pods-FlixTests.debug.xcconfig */;
			buildSettings = {
				ALWAYS_EMBED_SWIFT_STANDARD_LIBRARIES = YES;
				BUNDLE_LOADER = "$(TEST_HOST)";
				CODE_SIGN_STYLE = Automatic;
				INFOPLIST_FILE = FlixTests/Info.plist;
				LD_RUNPATH_SEARCH_PATHS = "$(inherited) @executable_path/Frameworks @loader_path/Frameworks";
				PRODUCT_BUNDLE_IDENTIFIER = com.codepath.FlixTests;
				PRODUCT_NAME = "$(TARGET_NAME)";
				SWIFT_VERSION = 4.0;
				TARGETED_DEVICE_FAMILY = "1,2";
				TEST_HOST = "$(BUILT_PRODUCTS_DIR)/Flix.app/Flix";
			};
			name = Debug;
		};
		FBFF45E01FB77EF300EA412A /* Release */ = {
			isa = XCBuildConfiguration;
			baseConfigurationReference = ED6AE95425A1A6D1102B2DC5 /* Pods-FlixTests.release.xcconfig */;
			buildSettings = {
				ALWAYS_EMBED_SWIFT_STANDARD_LIBRARIES = YES;
				BUNDLE_LOADER = "$(TEST_HOST)";
				CODE_SIGN_STYLE = Automatic;
				INFOPLIST_FILE = FlixTests/Info.plist;
				LD_RUNPATH_SEARCH_PATHS = "$(inherited) @executable_path/Frameworks @loader_path/Frameworks";
				PRODUCT_BUNDLE_IDENTIFIER = com.codepath.FlixTests;
				PRODUCT_NAME = "$(TARGET_NAME)";
				SWIFT_VERSION = 4.0;
				TARGETED_DEVICE_FAMILY = "1,2";
				TEST_HOST = "$(BUILT_PRODUCTS_DIR)/Flix.app/Flix";
			};
			name = Release;
		};
		FBFF45E21FB77EF300EA412A /* Debug */ = {
			isa = XCBuildConfiguration;
			baseConfigurationReference = F7F6D7E0B9E9A315F39A70E8 /* Pods-FlixUITests.debug.xcconfig */;
			buildSettings = {
				ALWAYS_EMBED_SWIFT_STANDARD_LIBRARIES = YES;
				CODE_SIGN_STYLE = Automatic;
				INFOPLIST_FILE = FlixUITests/Info.plist;
				LD_RUNPATH_SEARCH_PATHS = "$(inherited) @executable_path/Frameworks @loader_path/Frameworks";
				PRODUCT_BUNDLE_IDENTIFIER = com.codepath.FlixUITests;
				PRODUCT_NAME = "$(TARGET_NAME)";
				SWIFT_VERSION = 4.0;
				TARGETED_DEVICE_FAMILY = "1,2";
				TEST_TARGET_NAME = Flix;
			};
			name = Debug;
		};
		FBFF45E31FB77EF300EA412A /* Release */ = {
			isa = XCBuildConfiguration;
			baseConfigurationReference = 4ED241D509ECC725BA9FF979 /* Pods-FlixUITests.release.xcconfig */;
			buildSettings = {
				ALWAYS_EMBED_SWIFT_STANDARD_LIBRARIES = YES;
				CODE_SIGN_STYLE = Automatic;
				INFOPLIST_FILE = FlixUITests/Info.plist;
				LD_RUNPATH_SEARCH_PATHS = "$(inherited) @executable_path/Frameworks @loader_path/Frameworks";
				PRODUCT_BUNDLE_IDENTIFIER = com.codepath.FlixUITests;
				PRODUCT_NAME = "$(TARGET_NAME)";
				SWIFT_VERSION = 4.0;
				TARGETED_DEVICE_FAMILY = "1,2";
				TEST_TARGET_NAME = Flix;
			};
			name = Release;
		};
/* End XCBuildConfiguration section */

/* Begin XCConfigurationList section */
		FBFF45AE1FB77EF300EA412A /* Build configuration list for PBXProject "Flix" */ = {
			isa = XCConfigurationList;
			buildConfigurations = (
				FBFF45D91FB77EF300EA412A /* Debug */,
				FBFF45DA1FB77EF300EA412A /* Release */,
			);
			defaultConfigurationIsVisible = 0;
			defaultConfigurationName = Release;
		};
		FBFF45DB1FB77EF300EA412A /* Build configuration list for PBXNativeTarget "Flix" */ = {
			isa = XCConfigurationList;
			buildConfigurations = (
				FBFF45DC1FB77EF300EA412A /* Debug */,
				FBFF45DD1FB77EF300EA412A /* Release */,
			);
			defaultConfigurationIsVisible = 0;
			defaultConfigurationName = Release;
		};
		FBFF45DE1FB77EF300EA412A /* Build configuration list for PBXNativeTarget "FlixTests" */ = {
			isa = XCConfigurationList;
			buildConfigurations = (
				FBFF45DF1FB77EF300EA412A /* Debug */,
				FBFF45E01FB77EF300EA412A /* Release */,
			);
			defaultConfigurationIsVisible = 0;
			defaultConfigurationName = Release;
		};
		FBFF45E11FB77EF300EA412A /* Build configuration list for PBXNativeTarget "FlixUITests" */ = {
			isa = XCConfigurationList;
			buildConfigurations = (
				FBFF45E21FB77EF300EA412A /* Debug */,
				FBFF45E31FB77EF300EA412A /* Release */,
			);
			defaultConfigurationIsVisible = 0;
			defaultConfigurationName = Release;
		};
/* End XCConfigurationList section */
	};
	rootObject = FBFF45AB1FB77EF300EA412A /* Project object */;
}
